lockfileVersion: '9.0'

settings:
  autoInstallPeers: true
  excludeLinksFromLockfile: false

importers:

  .:
    dependencies:
      oxc-transform:
        specifier: ^0.93.0
        version: 0.93.0
    devDependencies:
      '@types/node':
        specifier: ^24.6.2
        version: 24.6.2
      oxlint:
        specifier: ^1.19.0
        version: 1.19.0
      prettier:
        specifier: ^3.6.2
        version: 3.6.2
      prettier-plugin-sh:
        specifier: ^0.18.0
        version: 0.18.0(prettier@3.6.2)
      rolldown:
        specifier: 1.0.0-beta.41
        version: 1.0.0-beta.41

packages:

  '@emnapi/core@1.5.0':
    resolution: {integrity: sha512-sbP8GzB1WDzacS8fgNPpHlp6C9VZe+SJP3F90W9rLemaQj2PzIuTEl1qDOYQf58YIpyjViI24y9aPWCjEzY2cg==}

  '@emnapi/runtime@1.5.0':
    resolution: {integrity: sha512-97/BJ3iXHww3djw6hYIfErCZFee7qCtrneuLa20UXFCOTCfBM2cvQHjWJ2EG0s0MtdNwInarqCTz35i4wWXHsQ==}

  '@emnapi/wasi-threads@1.1.0':
    resolution: {integrity: sha512-WI0DdZ8xFSbgMjR1sFsKABJ/C5OnRrjT06JXbZKexJGrDuPTzZdDYfFlsgcCXCyf+suG5QU2e/y1Wo2V/OapLQ==}

  '@napi-rs/wasm-runtime@1.0.6':
    resolution: {integrity: sha512-DXj75ewm11LIWUk198QSKUTxjyRjsBwk09MuMk5DGK+GDUtyPhhEHOGP/Xwwj3DjQXXkivoBirmOnKrLfc0+9g==}

  '@oxc-project/types@0.93.0':
    resolution: {integrity: sha512-yNtwmWZIBtJsMr5TEfoZFDxIWV6OdScOpza/f5YxbqUMJk+j6QX3Cf3jgZShGEFYWQJ5j9mJ6jM0tZHu2J9Yrg==}

  '@oxc-transform/binding-android-arm64@0.93.0':
    resolution: {integrity: sha512-sjmbt7SbsIgHC9luOLgwoFTI2zbTDesZlfiSFrSYNZv6S6o4zfR2Q/OLhRQqmar15JtxP8NVPuiPyqyx0mqHyg==}
    engines: {node: ^20.19.0 || >=22.12.0}
    cpu: [arm64]
    os: [android]

  '@oxc-transform/binding-darwin-arm64@0.93.0':
    resolution: {integrity: sha512-XhYYdSU1Oz1UFeMm8fbfdPrODDQkLz2USDjKmfGuoOQRFKXlq0YTktfzF6z1bxn+T8pc9jIlBDr7f+cyy2CCjg==}
    engines: {node: ^20.19.0 || >=22.12.0}
    cpu: [arm64]
    os: [darwin]

  '@oxc-transform/binding-darwin-x64@0.93.0':
    resolution: {integrity: sha512-cRQE9cWmP1cLPqGKqbr453nio1uIgv2LAfIfdx1fQSClG6PvzfTWTqujM0bJpKquodkm4k07ug35+tp0aIkl0w==}
    engines: {node: ^20.19.0 || >=22.12.0}
    cpu: [x64]
    os: [darwin]

  '@oxc-transform/binding-freebsd-x64@0.93.0':
    resolution: {integrity: sha512-m2vojbIELwBwX4ehbEs+7gXx4ooBn2mpR8MkxjZdhucMTj7P38W+jSdW+04pX+/bf2vYxP2madTEZXSX6mseLg==}
    engines: {node: ^20.19.0 || >=22.12.0}
    cpu: [x64]
    os: [freebsd]

  '@oxc-transform/binding-linux-arm-gnueabihf@0.93.0':
    resolution: {integrity: sha512-NEoI0t9b8NHzvXuBIADYubKUbfsuDsY9g/uOTiVNoP+r16vpOdiY3avoqP2x2WPSiuprYVFM3Olq3WVngSg+IA==}
    engines: {node: ^20.19.0 || >=22.12.0}
    cpu: [arm]
    os: [linux]

  '@oxc-transform/binding-linux-arm-musleabihf@0.93.0':
    resolution: {integrity: sha512-gzhgsb/o+V2PBElu2aMD7H1ZYOntr4lzuXDyVq/RbwwzF3G3jjFMB5hddbcjky8rdtmVzEaqqESI2h5kWkZUAw==}
    engines: {node: ^20.19.0 || >=22.12.0}
    cpu: [arm]
    os: [linux]

  '@oxc-transform/binding-linux-arm64-gnu@0.93.0':
    resolution: {integrity: sha512-4PdTqvMzLeMLbkwpHvj2ovQoIKaK8i1OnUGW7XzhZKPBGhkcdt/H3oa5FhZ2uoqSIM1KnKKP80MSC1OYqK+w0Q==}
    engines: {node: ^20.19.0 || >=22.12.0}
    cpu: [arm64]
    os: [linux]

  '@oxc-transform/binding-linux-arm64-musl@0.93.0':
    resolution: {integrity: sha512-c+CrpmFv32Z1WfR2V8sEKPI4XLewK9hQUq57RUDXj3P99IZ9eA0qIq/2Azle4YGbHdeEywAvqEDlbGa7o3ZFNQ==}
    engines: {node: ^20.19.0 || >=22.12.0}
    cpu: [arm64]
    os: [linux]

  '@oxc-transform/binding-linux-riscv64-gnu@0.93.0':
    resolution: {integrity: sha512-9rkciYe67g/uuVU4bFst96c7Xc2rk2fhzWTsBySUjTvxpgEeBXPsx78OLNwFVZoGf0lGNMXU/oSxr8OImEgvcw==}
    engines: {node: ^20.19.0 || >=22.12.0}
    cpu: [riscv64]
    os: [linux]

  '@oxc-transform/binding-linux-s390x-gnu@0.93.0':
    resolution: {integrity: sha512-b/3he7qO4It9bTZbKWNvYMVNyoNldgWVDsTleWiRSskDZPTP6CggpcxVolltn8Eegiq4GycKSN1riInTngR6+w==}
    engines: {node: ^20.19.0 || >=22.12.0}
    cpu: [s390x]
    os: [linux]

  '@oxc-transform/binding-linux-x64-gnu@0.93.0':
    resolution: {integrity: sha512-PeKWwubXPza6JGYjZGRt3sleTAaxTac4SG3Nd/VF9WGCY7ljAb6Q0t/gIuyjLm7tgB2E4luFezJogqkAW/b1ng==}
    engines: {node: ^20.19.0 || >=22.12.0}
    cpu: [x64]
    os: [linux]

  '@oxc-transform/binding-linux-x64-musl@0.93.0':
    resolution: {integrity: sha512-UjeqejYo3ynOimHKKPdqtryD0iCWiYHRnNNl5sxzK4GPA/JcxNnRGejAbLH6gkPOFtAi2k4Y5ujc2nU8cX8LSw==}
    engines: {node: ^20.19.0 || >=22.12.0}
    cpu: [x64]
    os: [linux]

  '@oxc-transform/binding-wasm32-wasi@0.93.0':
    resolution: {integrity: sha512-pMUgg0Mm5ASd8oEPf/yiZmHCqH5WMC0mjCK3CccEvfpUf+WC8WYiKiLkPz+0e7AyPW/Kb+MDI9FaYDKQ5QgyoQ==}
    engines: {node: '>=14.0.0'}
    cpu: [wasm32]

  '@oxc-transform/binding-win32-arm64-msvc@0.93.0':
    resolution: {integrity: sha512-RR30xNVMIEe5PWSD26uGEZp6yH7fkLKznvPSebVOVl2IWW8Sjnd59i6Ws08FmBKH9QP3jW30MypL6ESdlE5yWw==}
    engines: {node: ^20.19.0 || >=22.12.0}
    cpu: [arm64]
    os: [win32]

  '@oxc-transform/binding-win32-x64-msvc@0.93.0':
    resolution: {integrity: sha512-6QN3DEaEw3eWioWEFRgNsTvYq8czYSnpkjB2za+/WdLN0g5FzOl2ZEfNiPrBWIPnSmjUmDWtWVWcSjwY7fX5/Q==}
    engines: {node: ^20.19.0 || >=22.12.0}
    cpu: [x64]
    os: [win32]

  '@oxlint/darwin-arm64@1.19.0':
    resolution: {integrity: sha512-dSozp6FXowhFEjmT0FC/iBWj9KziWfixxaYT367kOXZUyA0hvOzsLsBB780Swr40zvqklUR0d3fbZbziGHRJoQ==}
    cpu: [arm64]
    os: [darwin]

  '@oxlint/darwin-x64@1.19.0':
    resolution: {integrity: sha512-3OY1km70zTlH6b8K8AHSuaEaa4sntmAcBugMZBaJmHkioia7zxlAQV9xtQ2wsBSDQbBmcf1j5Y0NcHP7fmIZvA==}
    cpu: [x64]
    os: [darwin]

  '@oxlint/linux-arm64-gnu@1.19.0':
    resolution: {integrity: sha512-TS9wmx9B/v1f/bNXu3lIEcdNIyS0m0H0+95YIWSTGG3q2cK3FVlyUiiAieZRUzXTN89n6JXtua6dK/TVCqbmkQ==}
    cpu: [arm64]
    os: [linux]

  '@oxlint/linux-arm64-musl@1.19.0':
    resolution: {integrity: sha512-o5RAxQfVEu7LsBUwSjEDNdM8sla8WlLMRULsTP3vgxyy1eLJxo2u+4McKtM9/P2KiZQw3NylDoaxU4Z4j/XeRQ==}
    cpu: [arm64]
    os: [linux]

  '@oxlint/linux-x64-gnu@1.19.0':
    resolution: {integrity: sha512-QDgAP4TxXsupFEsEGYnaAaKXQQD1lJSi5Htl/b0Vl2xPz8BVBRH+bNDwVGEHVTxT7jdnO2gTEOmfEzOkRJprUQ==}
    cpu: [x64]
    os: [linux]

  '@oxlint/linux-x64-musl@1.19.0':
    resolution: {integrity: sha512-iOQooyYzy7RR2yHNM8oHd2Zw6CdU7/G2Uf5ryFi/cF5NV5zlSH//QSkWwrk/kLF69wKqwE8S8snV7WnRA/tXjA==}
    cpu: [x64]
    os: [linux]

  '@oxlint/win32-arm64@1.19.0':
    resolution: {integrity: sha512-bvgA2fGpdBF/DpB5hZYQzx5fFFiiHxIiPF5zp24czvsIRkezVi9ZH04lCIVkMBxgvKhnU2jLXAn6E1Mbo4QrFw==}
    cpu: [arm64]
    os: [win32]

  '@oxlint/win32-x64@1.19.0':
    resolution: {integrity: sha512-PloVn/e1kfMsiH0urM4XIhiY0TdqDjwJlzeX8pIKDmxUsKHsjcU8fmddsZSt7K16C2nR3SQVoso2AIR00mRieA==}
    cpu: [x64]
    os: [win32]

  '@reteps/dockerfmt@0.3.6':
    resolution: {integrity: sha512-Tb5wIMvBf/nLejTQ61krK644/CEMB/cpiaIFXqGApfGqO3GwcR3qnI0DbmkFVCl2OyEp8LnLX3EkucoL0+tbFg==}
    engines: {node: ^v12.20.0 || ^14.13.0 || >=16.0.0}

  '@rolldown/binding-android-arm64@1.0.0-beta.41':
    resolution: {integrity: sha512-Edflndd9lU7JVhVIvJlZhdCj5DkhYDJPIRn4Dx0RUdfc8asP9xHOI5gMd8MesDDx+BJpdIT/uAmVTearteU/mQ==}
    engines: {node: ^20.19.0 || >=22.12.0}
    cpu: [arm64]
    os: [android]

  '@rolldown/binding-darwin-arm64@1.0.0-beta.41':
    resolution: {integrity: sha512-XGCzqfjdk7550PlyZRTBKbypXrB7ATtXhw/+bjtxnklLQs0mKP/XkQVOKyn9qGKSlvH8I56JLYryVxl0PCvSNw==}
    engines: {node: ^20.19.0 || >=22.12.0}
    cpu: [arm64]
    os: [darwin]

  '@rolldown/binding-darwin-x64@1.0.0-beta.41':
    resolution: {integrity: sha512-Ho6lIwGJed98zub7n0xcRKuEtnZgbxevAmO4x3zn3C3N4GVXZD5xvCvTVxSMoeBJwTcIYzkVDRTIhylQNsTgLQ==}
    engines: {node: ^20.19.0 || >=22.12.0}
    cpu: [x64]
    os: [darwin]

  '@rolldown/binding-freebsd-x64@1.0.0-beta.41':
    resolution: {integrity: sha512-ijAZETywvL+gACjbT4zBnCp5ez1JhTRs6OxRN4J+D6AzDRbU2zb01Esl51RP5/8ZOlvB37xxsRQ3X4YRVyYb3g==}
    engines: {node: ^20.19.0 || >=22.12.0}
    cpu: [x64]
    os: [freebsd]

  '@rolldown/binding-linux-arm-gnueabihf@1.0.0-beta.41':
    resolution: {integrity: sha512-EgIOZt7UildXKFEFvaiLNBXm+4ggQyGe3E5Z1QP9uRcJJs9omihOnm897FwOBQdCuMvI49iBgjFrkhH+wMJ2MA==}
    engines: {node: ^20.19.0 || >=22.12.0}
    cpu: [arm]
    os: [linux]

  '@rolldown/binding-linux-arm64-gnu@1.0.0-beta.41':
    resolution: {integrity: sha512-F8bUwJq8v/JAU8HSwgF4dztoqJ+FjdyjuvX4//3+Fbe2we9UktFeZ27U4lRMXF1vxWtdV4ey6oCSqI7yUrSEeg==}
    engines: {node: ^20.19.0 || >=22.12.0}
    cpu: [arm64]
    os: [linux]

  '@rolldown/binding-linux-arm64-musl@1.0.0-beta.41':
    resolution: {integrity: sha512-MioXcCIX/wB1pBnBoJx8q4OGucUAfC1+/X1ilKFsjDK05VwbLZGRgOVD5OJJpUQPK86DhQciNBrfOKDiatxNmg==}
    engines: {node: ^20.19.0 || >=22.12.0}
    cpu: [arm64]
    os: [linux]

  '@rolldown/binding-linux-x64-gnu@1.0.0-beta.41':
    resolution: {integrity: sha512-m66M61fizvRCwt5pOEiZQMiwBL9/y0bwU/+Kc4Ce/Pef6YfoEkR28y+DzN9rMdjo8Z28NXjsDPq9nH4mXnAP0g==}
    engines: {node: ^20.19.0 || >=22.12.0}
    cpu: [x64]
    os: [linux]

  '@rolldown/binding-linux-x64-musl@1.0.0-beta.41':
    resolution: {integrity: sha512-yRxlSfBvWnnfrdtJfvi9lg8xfG5mPuyoSHm0X01oiE8ArmLRvoJGHUTJydCYz+wbK2esbq5J4B4Tq9WAsOlP1Q==}
    engines: {node: ^20.19.0 || >=22.12.0}
    cpu: [x64]
    os: [linux]

  '@rolldown/binding-openharmony-arm64@1.0.0-beta.41':
    resolution: {integrity: sha512-PHVxYhBpi8UViS3/hcvQQb9RFqCtvFmFU1PvUoTRiUdBtgHA6fONNHU4x796lgzNlVSD3DO/MZNk1s5/ozSMQg==}
    engines: {node: ^20.19.0 || >=22.12.0}
    cpu: [arm64]
    os: [openharmony]

  '@rolldown/binding-wasm32-wasi@1.0.0-beta.41':
    resolution: {integrity: sha512-OAfcO37ME6GGWmj9qTaDT7jY4rM0T2z0/8ujdQIJQ2x2nl+ztO32EIwURfmXOK0U1tzkyuaKYvE34Pug/ucXlQ==}
    engines: {node: '>=14.0.0'}
    cpu: [wasm32]

  '@rolldown/binding-win32-arm64-msvc@1.0.0-beta.41':
    resolution: {integrity: sha512-NIYGuCcuXaq5BC4Q3upbiMBvmZsTsEPG9k/8QKQdmrch+ocSy5Jv9tdpdmXJyighKqm182nh/zBt+tSJkYoNlg==}
    engines: {node: ^20.19.0 || >=22.12.0}
    cpu: [arm64]
    os: [win32]

  '@rolldown/binding-win32-ia32-msvc@1.0.0-beta.41':
    resolution: {integrity: sha512-kANdsDbE5FkEOb5NrCGBJBCaZ2Sabp3D7d4PRqMYJqyLljwh9mDyYyYSv5+QNvdAmifj+f3lviNEUUuUZPEFPw==}
    engines: {node: ^20.19.0 || >=22.12.0}
    cpu: [ia32]
    os: [win32]

  '@rolldown/binding-win32-x64-msvc@1.0.0-beta.41':
    resolution: {integrity: sha512-UlpxKmFdik0Y2VjZrgUCgoYArZJiZllXgIipdBRV1hw6uK45UbQabSTW6Kp6enuOu7vouYWftwhuxfpE8J2JAg==}
    engines: {node: ^20.19.0 || >=22.12.0}
    cpu: [x64]
    os: [win32]

  '@rolldown/pluginutils@1.0.0-beta.41':
    resolution: {integrity: sha512-ycMEPrS3StOIeb87BT3/+bu+blEtyvwQ4zmo2IcJQy0Rd1DAAhKksA0iUZ3MYSpJtjlPhg0Eo6mvVS6ggPhRbw==}

  '@tybys/wasm-util@0.10.1':
    resolution: {integrity: sha512-9tTaPJLSiejZKx+Bmog4uSubteqTvFrVrURwkmHixBo0G4seD0zUxp98E1DzUBJxLQ3NPwXrGKDiVjwx/DpPsg==}

  '@types/node@24.6.2':
    resolution: {integrity: sha512-d2L25Y4j+W3ZlNAeMKcy7yDsK425ibcAOO2t7aPTz6gNMH0z2GThtwENCDc0d/Pw9wgyRqE5Px1wkV7naz8ang==}

  ansis@4.2.0:
    resolution: {integrity: sha512-HqZ5rWlFjGiV0tDm3UxxgNRqsOTniqoKZu0pIAfh7TZQMGuZK+hH0drySty0si0QXj1ieop4+SkSfPZBPPkHig==}
    engines: {node: '>=14'}

  oxc-transform@0.93.0:
    resolution: {integrity: sha512-QCwM2nMAWf4hEBehLVA2apllxdmmWLb5M0in9HwC2boaaFbP0QntbLy4hfRZGur2KKyEBErZbH9S5NYX8eHslg==}
    engines: {node: ^20.19.0 || >=22.12.0}

  oxlint@1.19.0:
    resolution: {integrity: sha512-MGeclRJFKaROXcPKMHOuJpOhbC4qkbLeZqSlelQioV/5YeBk/qVYZafUUpVO/yQ28Pld3srsTQusFtPNkVuvNA==}
    engines: {node: ^20.19.0 || >=22.12.0}
    hasBin: true
    peerDependencies:
      oxlint-tsgolint: '>=0.2.0'
    peerDependenciesMeta:
      oxlint-tsgolint:
        optional: true

  prettier-plugin-sh@0.18.0:
    resolution: {integrity: sha512-cW1XL27FOJQ/qGHOW6IHwdCiNWQsAgK+feA8V6+xUTaH0cD3Mh+tFAtBvEEWvuY6hTDzRV943Fzeii+qMOh7nQ==}
    engines: {node: '>=16.0.0'}
    peerDependencies:
      prettier: ^3.6.0

  prettier@3.6.2:
    resolution: {integrity: sha512-I7AIg5boAr5R0FFtJ6rCfD+LFsWHp81dolrFD8S79U9tb8Az2nGrJncnMSnys+bpQJfRUzqs9hnA81OAA3hCuQ==}
    engines: {node: '>=14'}
    hasBin: true

  rolldown@1.0.0-beta.41:
    resolution: {integrity: sha512-U+NPR0Bkg3wm61dteD2L4nAM1U9dtaqVrpDXwC36IKRHpEO/Ubpid4Nijpa2imPchcVNHfxVFwSSMJdwdGFUbg==}
    engines: {node: ^20.19.0 || >=22.12.0}
    hasBin: true

  sh-syntax@0.5.8:
    resolution: {integrity: sha512-JfVoxf4FxQI5qpsPbkHhZo+n6N9YMJobyl4oGEUBb/31oQYlgTjkXQD8PBiafS2UbWoxrTO0Z5PJUBXEPAG1Zw==}
    engines: {node: '>=16.0.0'}

  tslib@2.8.1:
    resolution: {integrity: sha512-oJFu94HQb+KVduSUQL7wnpmqnfmLsOA/nAh6b6EH0wCEoK0/mPeXU6c3wKDV83MkOuHPRHtSXKKU99IBazS/2w==}

  undici-types@7.13.0:
    resolution: {integrity: sha512-Ov2Rr9Sx+fRgagJ5AX0qvItZG/JKKoBRAVITs1zk7IqZGTJUwgUr7qoYBpWwakpWilTZFM98rG/AFRocu10iIQ==}

snapshots:

  '@emnapi/core@1.5.0':
    dependencies:
      '@emnapi/wasi-threads': 1.1.0
      tslib: 2.8.1
    optional: true

  '@emnapi/runtime@1.5.0':
    dependencies:
      tslib: 2.8.1
    optional: true

  '@emnapi/wasi-threads@1.1.0':
    dependencies:
      tslib: 2.8.1
    optional: true

  '@napi-rs/wasm-runtime@1.0.6':
    dependencies:
      '@emnapi/core': 1.5.0
      '@emnapi/runtime': 1.5.0
      '@tybys/wasm-util': 0.10.1
    optional: true

  '@oxc-project/types@0.93.0': {}

  '@oxc-transform/binding-android-arm64@0.93.0':
    optional: true

  '@oxc-transform/binding-darwin-arm64@0.93.0':
    optional: true

  '@oxc-transform/binding-darwin-x64@0.93.0':
    optional: true

  '@oxc-transform/binding-freebsd-x64@0.93.0':
    optional: true

  '@oxc-transform/binding-linux-arm-gnueabihf@0.93.0':
    optional: true

  '@oxc-transform/binding-linux-arm-musleabihf@0.93.0':
    optional: true

  '@oxc-transform/binding-linux-arm64-gnu@0.93.0':
    optional: true

  '@oxc-transform/binding-linux-arm64-musl@0.93.0':
    optional: true

  '@oxc-transform/binding-linux-riscv64-gnu@0.93.0':
    optional: true

  '@oxc-transform/binding-linux-s390x-gnu@0.93.0':
    optional: true

  '@oxc-transform/binding-linux-x64-gnu@0.93.0':
    optional: true

  '@oxc-transform/binding-linux-x64-musl@0.93.0':
    optional: true

  '@oxc-transform/binding-wasm32-wasi@0.93.0':
    dependencies:
      '@napi-rs/wasm-runtime': 1.0.6
    optional: true

  '@oxc-transform/binding-win32-arm64-msvc@0.93.0':
    optional: true

  '@oxc-transform/binding-win32-x64-msvc@0.93.0':
    optional: true

  '@oxlint/darwin-arm64@1.19.0':
    optional: true

  '@oxlint/darwin-x64@1.19.0':
    optional: true

  '@oxlint/linux-arm64-gnu@1.19.0':
    optional: true

  '@oxlint/linux-arm64-musl@1.19.0':
    optional: true

  '@oxlint/linux-x64-gnu@1.19.0':
    optional: true

  '@oxlint/linux-x64-musl@1.19.0':
    optional: true

  '@oxlint/win32-arm64@1.19.0':
    optional: true

  '@oxlint/win32-x64@1.19.0':
    optional: true

  '@reteps/dockerfmt@0.3.6': {}

  '@rolldown/binding-android-arm64@1.0.0-beta.41':
    optional: true

  '@rolldown/binding-darwin-arm64@1.0.0-beta.41':
    optional: true

  '@rolldown/binding-darwin-x64@1.0.0-beta.41':
    optional: true

  '@rolldown/binding-freebsd-x64@1.0.0-beta.41':
    optional: true

  '@rolldown/binding-linux-arm-gnueabihf@1.0.0-beta.41':
    optional: true

  '@rolldown/binding-linux-arm64-gnu@1.0.0-beta.41':
    optional: true

  '@rolldown/binding-linux-arm64-musl@1.0.0-beta.41':
    optional: true

  '@rolldown/binding-linux-x64-gnu@1.0.0-beta.41':
    optional: true

  '@rolldown/binding-linux-x64-musl@1.0.0-beta.41':
    optional: true

  '@rolldown/binding-openharmony-arm64@1.0.0-beta.41':
    optional: true

  '@rolldown/binding-wasm32-wasi@1.0.0-beta.41':
    dependencies:
      '@napi-rs/wasm-runtime': 1.0.6
    optional: true

  '@rolldown/binding-win32-arm64-msvc@1.0.0-beta.41':
    optional: true

  '@rolldown/binding-win32-ia32-msvc@1.0.0-beta.41':
    optional: true

  '@rolldown/binding-win32-x64-msvc@1.0.0-beta.41':
    optional: true

  '@rolldown/pluginutils@1.0.0-beta.41': {}

  '@tybys/wasm-util@0.10.1':
    dependencies:
      tslib: 2.8.1
    optional: true

  '@types/node@24.6.2':
    dependencies:
      undici-types: 7.13.0

  ansis@4.2.0: {}

  oxc-transform@0.93.0:
    optionalDependencies:
      '@oxc-transform/binding-android-arm64': 0.93.0
      '@oxc-transform/binding-darwin-arm64': 0.93.0
      '@oxc-transform/binding-darwin-x64': 0.93.0
      '@oxc-transform/binding-freebsd-x64': 0.93.0
      '@oxc-transform/binding-linux-arm-gnueabihf': 0.93.0
      '@oxc-transform/binding-linux-arm-musleabihf': 0.93.0
      '@oxc-transform/binding-linux-arm64-gnu': 0.93.0
      '@oxc-transform/binding-linux-arm64-musl': 0.93.0
      '@oxc-transform/binding-linux-riscv64-gnu': 0.93.0
      '@oxc-transform/binding-linux-s390x-gnu': 0.93.0
      '@oxc-transform/binding-linux-x64-gnu': 0.93.0
      '@oxc-transform/binding-linux-x64-musl': 0.93.0
      '@oxc-transform/binding-wasm32-wasi': 0.93.0
      '@oxc-transform/binding-win32-arm64-msvc': 0.93.0
      '@oxc-transform/binding-win32-x64-msvc': 0.93.0

  oxlint@1.19.0:
    optionalDependencies:
      '@oxlint/darwin-arm64': 1.19.0
      '@oxlint/darwin-x64': 1.19.0
      '@oxlint/linux-arm64-gnu': 1.19.0
      '@oxlint/linux-arm64-musl': 1.19.0
      '@oxlint/linux-x64-gnu': 1.19.0
      '@oxlint/linux-x64-musl': 1.19.0
      '@oxlint/win32-arm64': 1.19.0
      '@oxlint/win32-x64': 1.19.0

  prettier-plugin-sh@0.18.0(prettier@3.6.2):
    dependencies:
      '@reteps/dockerfmt': 0.3.6
      prettier: 3.6.2
      sh-syntax: 0.5.8

  prettier@3.6.2: {}

  rolldown@1.0.0-beta.41:
    dependencies:
      '@oxc-project/types': 0.93.0
      '@rolldown/pluginutils': 1.0.0-beta.41
      ansis: 4.2.0
    optionalDependencies:
      '@rolldown/binding-android-arm64': 1.0.0-beta.41
      '@rolldown/binding-darwin-arm64': 1.0.0-beta.41
      '@rolldown/binding-darwin-x64': 1.0.0-beta.41
      '@rolldown/binding-freebsd-x64': 1.0.0-beta.41
      '@rolldown/binding-linux-arm-gnueabihf': 1.0.0-beta.41
      '@rolldown/binding-linux-arm64-gnu': 1.0.0-beta.41
      '@rolldown/binding-linux-arm64-musl': 1.0.0-beta.41
      '@rolldown/binding-linux-x64-gnu': 1.0.0-beta.41
      '@rolldown/binding-linux-x64-musl': 1.0.0-beta.41
      '@rolldown/binding-openharmony-arm64': 1.0.0-beta.41
      '@rolldown/binding-wasm32-wasi': 1.0.0-beta.41
      '@rolldown/binding-win32-arm64-msvc': 1.0.0-beta.41
      '@rolldown/binding-win32-ia32-msvc': 1.0.0-beta.41
      '@rolldown/binding-win32-x64-msvc': 1.0.0-beta.41

  sh-syntax@0.5.8:
    dependencies:
      tslib: 2.8.1

  tslib@2.8.1: {}

  undici-types@7.13.0: {}
